
Microsoft Visual Studio Solution File, Format Version 12.00
# Visual Studio Version 16
VisualStudioVersion = 16.0.30907.101
MinimumVisualStudioVersion = 10.0.40219.1
Project("{FAE04EC0-301F-11D3-BF4B-00C04F79EFBC}") = "BeautyGarden", "BeautyGarden\BeautyGarden.csproj", "{FC66D10C-8498-48DF-8F22-3E67A2060927}"
EndProject
Global
	GlobalSection(SolutionConfigurationPlatforms) = preSolution
		Debug|Any CPU = Debug|Any CPU
		Release|Any CPU = Release|Any CPU
	EndGlobalSection
	GlobalSection(ProjectConfigurationPlatforms) = postSolution
		{FC66D10C-8498-48DF-8F22-3E67A2060927}.Debug|Any CPU.ActiveCfg = Debug|Any CPU
		{FC66D10C-8498-48DF-8F22-3E67A2060927}.Debug|Any CPU.Build.0 = Debug|Any CPU
		{FC66D10C-8498-48DF-8F22-3E67A2060927}.Release|Any CPU.ActiveCfg = Release|Any CPU
		{FC66D10C-8498-48DF-8F22-3E67A2060927}.Release|Any CPU.Build.0 = Release|Any CPU
	EndGlobalSection
	GlobalSection(SolutionProperties) = preSolution
		HideSolutionNode = FALSE
	EndGlobalSection
	GlobalSection(ExtensibilityGlobals) = postSolution
		SolutionGuid = {2AC208B1-1F22-4F84-86F2-68911A6E7D13}
	EndGlobalSection
EndGlobal
